
Microsoft Visual Studio Solution File, Format Version 12.00
# Visual Studio Version 17
VisualStudioVersion = 17.3.32825.248
MinimumVisualStudioVersion = 10.0.40219.1
Project("{9A19103F-16F7-4668-BE54-9A1E7A4F7556}") = "Domain", "Domain\Domain.csproj", "{4B97D0D6-0E04-4088-8FE8-1831631591D8}"
EndProject
Project("{9A19103F-16F7-4668-BE54-9A1E7A4F7556}") = "Application", "Application\Application.csproj", "{E360E6DB-9E17-4636-AEE1-98B137670227}"
EndProject
Project("{9A19103F-16F7-4668-BE54-9A1E7A4F7556}") = "DataAccess", "DataAccess\DataAccess.csproj", "{1F2BF181-A55B-4934-BAB0-E6FCF88EC12D}"
EndProject
Project("{9A19103F-16F7-4668-BE54-9A1E7A4F7556}") = "Implementation", "Implementation\Implementation.csproj", "{87CC8593-9DAC-43E0-B858-5D164DE9831B}"
EndProject
Project("{9A19103F-16F7-4668-BE54-9A1E7A4F7556}") = "Api", "Api\Api.csproj", "{EE37B2F7-4172-4251-9468-A0453D12E6C5}"
EndProject
Global
	GlobalSection(SolutionConfigurationPlatforms) = preSolution
		Debug|Any CPU = Debug|Any CPU
		Release|Any CPU = Release|Any CPU
	EndGlobalSection
	GlobalSection(ProjectConfigurationPlatforms) = postSolution
		{4B97D0D6-0E04-4088-8FE8-1831631591D8}.Debug|Any CPU.ActiveCfg = Debug|Any CPU
		{4B97D0D6-0E04-4088-8FE8-1831631591D8}.Debug|Any CPU.Build.0 = Debug|Any CPU
		{4B97D0D6-0E04-4088-8FE8-1831631591D8}.Release|Any CPU.ActiveCfg = Release|Any CPU
		{4B97D0D6-0E04-4088-8FE8-1831631591D8}.Release|Any CPU.Build.0 = Release|Any CPU
		{E360E6DB-9E17-4636-AEE1-98B137670227}.Debug|Any CPU.ActiveCfg = Debug|Any CPU
		{E360E6DB-9E17-4636-AEE1-98B137670227}.Debug|Any CPU.Build.0 = Debug|Any CPU
		{E360E6DB-9E17-4636-AEE1-98B137670227}.Release|Any CPU.ActiveCfg = Release|Any CPU
		{E360E6DB-9E17-4636-AEE1-98B137670227}.Release|Any CPU.Build.0 = Release|Any CPU
		{1F2BF181-A55B-4934-BAB0-E6FCF88EC12D}.Debug|Any CPU.ActiveCfg = Debug|Any CPU
		{1F2BF181-A55B-4934-BAB0-E6FCF88EC12D}.Debug|Any CPU.Build.0 = Debug|Any CPU
		{1F2BF181-A55B-4934-BAB0-E6FCF88EC12D}.Release|Any CPU.ActiveCfg = Release|Any CPU
		{1F2BF181-A55B-4934-BAB0-E6FCF88EC12D}.Release|Any CPU.Build.0 = Release|Any CPU
		{87CC8593-9DAC-43E0-B858-5D164DE9831B}.Debug|Any CPU.ActiveCfg = Debug|Any CPU
		{87CC8593-9DAC-43E0-B858-5D164DE9831B}.Debug|Any CPU.Build.0 = Debug|Any CPU
		{87CC8593-9DAC-43E0-B858-5D164DE9831B}.Release|Any CPU.ActiveCfg = Release|Any CPU
		{87CC8593-9DAC-43E0-B858-5D164DE9831B}.Release|Any CPU.Build.0 = Release|Any CPU
		{EE37B2F7-4172-4251-9468-A0453D12E6C5}.Debug|Any CPU.ActiveCfg = Debug|Any CPU
		{EE37B2F7-4172-4251-9468-A0453D12E6C5}.Debug|Any CPU.Build.0 = Debug|Any CPU
		{EE37B2F7-4172-4251-9468-A0453D12E6C5}.Release|Any CPU.ActiveCfg = Release|Any CPU
		{EE37B2F7-4172-4251-9468-A0453D12E6C5}.Release|Any CPU.Build.0 = Release|Any CPU
	EndGlobalSection
	GlobalSection(SolutionProperties) = preSolution
		HideSolutionNode = FALSE
	EndGlobalSection
	GlobalSection(ExtensibilityGlobals) = postSolution
		SolutionGuid = {4A3387A2-AF7E-424A-B244-24D09BD229DB}
	EndGlobalSection
EndGlobal
